
Microsoft Visual Studio Solution File, Format Version 12.00
# Visual Studio 15
VisualStudioVersion = 15.0.28307.1209
MinimumVisualStudioVersion = 10.0.40219.1
Project("{8BC9CEB8-8B4A-11D0-8D11-00A0C91BC942}") = "Lista1", "Lista1\Lista1.vcxproj", "{7637CD87-A73B-4EE3-8D62-828BB33E4E9A}"
EndProject
Global
	GlobalSection(SolutionConfigurationPlatforms) = preSolution
		Debug|x64 = Debug|x64
		Debug|x86 = Debug|x86
		DESTRUCTOR_OFF|x64 = DESTRUCTOR_OFF|x64
		DESTRUCTOR_OFF|x86 = DESTRUCTOR_OFF|x86
		EQUAL_COPY|x64 = EQUAL_COPY|x64
		EQUAL_COPY|x86 = EQUAL_COPY|x86
		Release|x64 = Release|x64
		Release|x86 = Release|x86
	EndGlobalSection
	GlobalSection(ProjectConfigurationPlatforms) = postSolution
		{7637CD87-A73B-4EE3-8D62-828BB33E4E9A}.Debug|x64.ActiveCfg = Debug|x64
		{7637CD87-A73B-4EE3-8D62-828BB33E4E9A}.Debug|x64.Build.0 = Debug|x64
		{7637CD87-A73B-4EE3-8D62-828BB33E4E9A}.Debug|x86.ActiveCfg = Debug|Win32
		{7637CD87-A73B-4EE3-8D62-828BB33E4E9A}.Debug|x86.Build.0 = Debug|Win32
		{7637CD87-A73B-4EE3-8D62-828BB33E4E9A}.DESTRUCTOR_OFF|x64.ActiveCfg = DESTRUCTOR_OFF|x64
		{7637CD87-A73B-4EE3-8D62-828BB33E4E9A}.DESTRUCTOR_OFF|x64.Build.0 = DESTRUCTOR_OFF|x64
		{7637CD87-A73B-4EE3-8D62-828BB33E4E9A}.DESTRUCTOR_OFF|x86.ActiveCfg = DESTRUCTOR_OFF|Win32
		{7637CD87-A73B-4EE3-8D62-828BB33E4E9A}.DESTRUCTOR_OFF|x86.Build.0 = DESTRUCTOR_OFF|Win32
		{7637CD87-A73B-4EE3-8D62-828BB33E4E9A}.EQUAL_COPY|x64.ActiveCfg = EQUAL_COPY|x64
		{7637CD87-A73B-4EE3-8D62-828BB33E4E9A}.EQUAL_COPY|x64.Build.0 = EQUAL_COPY|x64
		{7637CD87-A73B-4EE3-8D62-828BB33E4E9A}.EQUAL_COPY|x86.ActiveCfg = EQUAL_COPY|Win32
		{7637CD87-A73B-4EE3-8D62-828BB33E4E9A}.EQUAL_COPY|x86.Build.0 = EQUAL_COPY|Win32
		{7637CD87-A73B-4EE3-8D62-828BB33E4E9A}.Release|x64.ActiveCfg = Release|x64
		{7637CD87-A73B-4EE3-8D62-828BB33E4E9A}.Release|x64.Build.0 = Release|x64
		{7637CD87-A73B-4EE3-8D62-828BB33E4E9A}.Release|x86.ActiveCfg = Release|Win32
		{7637CD87-A73B-4EE3-8D62-828BB33E4E9A}.Release|x86.Build.0 = Release|Win32
	EndGlobalSection
	GlobalSection(SolutionProperties) = preSolution
		HideSolutionNode = FALSE
	EndGlobalSection
	GlobalSection(ExtensibilityGlobals) = postSolution
		SolutionGuid = {13AA2F62-4FBA-4363-A0A5-44853BB9F7EF}
	EndGlobalSection
EndGlobal
