
Microsoft Visual Studio Solution File, Format Version 12.00
# Visual Studio 15
VisualStudioVersion = 15.0.28307.1267
MinimumVisualStudioVersion = 10.0.40219.1
Project("{8BC9CEB8-8B4A-11D0-8D11-00A0C91BC942}") = "Lista2", "Lista2\Lista2.vcxproj", "{00081698-7958-4144-8DAF-32B33671338D}"
EndProject
Global
	GlobalSection(SolutionConfigurationPlatforms) = preSolution
		Debug|x64 = Debug|x64
		Debug|x86 = Debug|x86
		Release|x64 = Release|x64
		Release|x86 = Release|x86
	EndGlobalSection
	GlobalSection(ProjectConfigurationPlatforms) = postSolution
		{00081698-7958-4144-8DAF-32B33671338D}.Debug|x64.ActiveCfg = Debug|x64
		{00081698-7958-4144-8DAF-32B33671338D}.Debug|x64.Build.0 = Debug|x64
		{00081698-7958-4144-8DAF-32B33671338D}.Debug|x86.ActiveCfg = Debug|Win32
		{00081698-7958-4144-8DAF-32B33671338D}.Debug|x86.Build.0 = Debug|Win32
		{00081698-7958-4144-8DAF-32B33671338D}.Release|x64.ActiveCfg = Release|x64
		{00081698-7958-4144-8DAF-32B33671338D}.Release|x64.Build.0 = Release|x64
		{00081698-7958-4144-8DAF-32B33671338D}.Release|x86.ActiveCfg = Release|Win32
		{00081698-7958-4144-8DAF-32B33671338D}.Release|x86.Build.0 = Release|Win32
	EndGlobalSection
	GlobalSection(SolutionProperties) = preSolution
		HideSolutionNode = FALSE
	EndGlobalSection
	GlobalSection(ExtensibilityGlobals) = postSolution
		SolutionGuid = {10B6E144-E796-48F9-95BB-EFAE69E764B3}
	EndGlobalSection
EndGlobal
